{
  "name": "dxfrender",
  "version": "1.0.0",
  "lockfileVersion": 1,
  "requires": true,
  "dependencies": {
    "b-spline": {
      "version": "2.0.1",
      "resolved": "https://registry.npmjs.org/b-spline/-/b-spline-2.0.1.tgz",
      "integrity": "sha1-gclOXbqLs5z6dArrCqhfT5EYFac="
    },
    "commander": {
      "version": "2.19.0",
      "resolved": "https://registry.npmjs.org/commander/-/commander-2.19.0.tgz",
      "integrity": "sha512-6tvAOO+D6OENvRAh524Dh9jcfKTYDQAqvqezbCW82xj5X0pSrcpxtvRKHLG0yBY6SD7PSDrJaj+0AiOcKVd1Xg=="
    },
    "directory-tree": {
      "version": "2.2.1",
      "resolved": "https://registry.npmjs.org/directory-tree/-/directory-tree-2.2.1.tgz",
      "integrity": "sha512-AWgnCDEKC2/oSAA/0Ae3RhXnMkvOZtNAVQu7wF2/qXF5Xm8LhjWnEXLV4Yza45SmWkNPvNlo4zWPhZjcVd4T5w=="
    },
    "dxf": {
      "version": "3.3.1",
      "resolved": "https://registry.npmjs.org/dxf/-/dxf-3.3.1.tgz",
      "integrity": "sha512-v5TCN1NChzF7wd1XvepgTLd82+iD3/FS6xDaZogUlpSO1wVlhvy/+621KSutpyfzQxGHu8QW5SUTEJtLUs4cjQ==",
      "requires": {
        "b-spline": "^2.0.1",
        "commander": "^2.17.1",
        "lodash.clonedeep": "^4.5.0",
        "pretty-data": "^0.40.0",
        "vecks": "^3.7.2"
      }
    },
    "lodash.clonedeep": {
      "version": "4.5.0",
      "resolved": "https://registry.npmjs.org/lodash.clonedeep/-/lodash.clonedeep-4.5.0.tgz",
      "integrity": "sha1-4j8/nE+Pvd6HJSnBBxhXoIblzO8="
    },
    "pretty-data": {
      "version": "0.40.0",
      "resolved": "https://registry.npmjs.org/pretty-data/-/pretty-data-0.40.0.tgz",
      "integrity": "sha1-Vyqo6iNGdGerlLa1Jmpv2cj93XI="
    },
    "vecks": {
      "version": "3.7.2",
      "resolved": "https://registry.npmjs.org/vecks/-/vecks-3.7.2.tgz",
      "integrity": "sha512-AKnxg1GivHPBdVFMKeZZAr6V4/5w8dfO1E7tlJY9BhZc3z31xIdkezgnUePuW2TZVbgTA9CrGiC0zZ442b0drw=="
    }
  }
}
